{"version":4,"terraform_version":"1.12.1","serial":3,"lineage":"ffb796a3-d3e3-4139-2531-2ebcee489b72","outputs":{"api_endpoint":{"value":"https://20461895c9.execute-api.us-east-1.amazonaws.com/local/orders","type":"string"},"dlq_queue_url":{"value":"http://floci:4566/000000000000/orders-work-dlq.fifo","type":"string"},"eks_cluster_name":{"value":"orders-work-eks","type":"string"},"event_bus_name":{"value":"orders-work-events","type":"string"},"idempotency_table_name":{"value":"orders-work-idempotency","type":"string"},"orders_table_name":{"value":"orders-work-orders","type":"string"},"quarantine_bucket":{"value":"orders-work-quarantine-local","type":"string"},"replay_queue_url":{"value":"http://floci:4566/000000000000/orders-work-replay.fifo","type":"string"},"source_queue_url":{"value":"http://floci:4566/000000000000/orders-work.fifo","type":"string"},"ssm_automation_document":{"value":"orders-work-start-remediation","type":"string"}},"resources":[{"mode":"data","type":"aws_iam_policy_document","name":"api_gateway_assume_role","provider":"provider[\"registry.opentofu.org/hashicorp/aws\"]","instances":[{"schema_version":0,"attributes":{"id":"2699642182","json":"{\n  \"Version\": \"2012-10-17\",\n  \"Statement\": [\n    {\n      \"Effect\": \"Allow\",\n      \"Action\": \"sts:AssumeRole\",\n      \"Principal\": {\n        \"Service\": \"apigateway.amazonaws.com\"\n      }\n    }\n  ]\n}","minified_json":"{\"Version\":\"2012-10-17\",\"Statement\":[{\"Effect\":\"Allow\",\"Action\":\"sts:AssumeRole\",\"Principal\":{\"Service\":\"apigateway.amazonaws.com\"}}]}","override_json":null,"override_policy_documents":null,"policy_id":null,"source_json":null,"source_policy_documents":null,"statement":[{"actions":["sts:AssumeRole"],"condition":[],"effect":"Allow","not_actions":[],"not_principals":[],"not_resources":[],"principals":[{"identifiers":["apigateway.amazonaws.com"],"type":"Service"}],"resources":[],"sid":""}],"version":"2012-10-17"},"sensitive_attributes":[]}]},{"mode":"data","type":"aws_iam_policy_document","name":"eks_assume_role","provider":"provider[\"registry.opentofu.org/hashicorp/aws\"]","instances":[{"schema_version":0,"attributes":{"id":"3552664922","json":"{\n  \"Version\": \"2012-10-17\",\n  \"Statement\": [\n    {\n      \"Effect\": \"Allow\",\n      \"Action\": \"sts:AssumeRole\",\n      \"Principal\": {\n        \"Service\": \"eks.amazonaws.com\"\n      }\n    }\n  ]\n}","minified_json":"{\"Version\":\"2012-10-17\",\"Statement\":[{\"Effect\":\"Allow\",\"Action\":\"sts:AssumeRole\",\"Principal\":{\"Service\":\"eks.amazonaws.com\"}}]}","override_json":null,"override_policy_documents":null,"policy_id":null,"source_json":null,"source_policy_documents":null,"statement":[{"actions":["sts:AssumeRole"],"condition":[],"effect":"Allow","not_actions":[],"not_principals":[],"not_resources":[],"principals":[{"identifiers":["eks.amazonaws.com"],"type":"Service"}],"resources":[],"sid":""}],"version":"2012-10-17"},"sensitive_attributes":[]}]},{"mode":"data","type":"aws_iam_policy_document","name":"fargate_assume_role","provider":"provider[\"registry.opentofu.org/hashicorp/aws\"]","instances":[{"schema_version":0,"attributes":{"id":"3016102342","json":"{\n  \"Version\": \"2012-10-17\",\n  \"Statement\": [\n    {\n      \"Effect\": \"Allow\",\n      \"Action\": \"sts:AssumeRole\",\n      \"Principal\": {\n        \"Service\": \"eks-fargate-pods.amazonaws.com\"\n      }\n    }\n  ]\n}","minified_json":"{\"Version\":\"2012-10-17\",\"Statement\":[{\"Effect\":\"Allow\",\"Action\":\"sts:AssumeRole\",\"Principal\":{\"Service\":\"eks-fargate-pods.amazonaws.com\"}}]}","override_json":null,"override_policy_documents":null,"policy_id":null,"source_json":null,"source_policy_documents":null,"statement":[{"actions":["sts:AssumeRole"],"condition":[],"effect":"Allow","not_actions":[],"not_principals":[],"not_resources":[],"principals":[{"identifiers":["eks-fargate-pods.amazonaws.com"],"type":"Service"}],"resources":[],"sid":""}],"version":"2012-10-17"},"sensitive_attributes":[]}]},{"mode":"data","type":"aws_iam_policy_document","name":"source_queue","provider":"provider[\"registry.opentofu.org/hashicorp/aws\"]","instances":[{"schema_version":0,"attributes":{"id":"2525048438","json":"{\n  \"Version\": \"2012-10-17\",\n  \"Statement\": [\n    {\n      \"Sid\": \"AllowEventBridgeToSendOrders\",\n      \"Effect\": \"Allow\",\n      \"Action\": \"sqs:SendMessage\",\n      \"Resource\": \"arn:aws:sqs:us-east-1:000000000000:orders-work.fifo\",\n      \"Principal\": {\n        \"Service\": \"events.amazonaws.com\"\n      }\n    }\n  ]\n}","minified_json":"{\"Version\":\"2012-10-17\",\"Statement\":[{\"Sid\":\"AllowEventBridgeToSendOrders\",\"Effect\":\"Allow\",\"Action\":\"sqs:SendMessage\",\"Resource\":\"arn:aws:sqs:us-east-1:000000000000:orders-work.fifo\",\"Principal\":{\"Service\":\"events.amazonaws.com\"}}]}","override_json":null,"override_policy_documents":null,"policy_id":null,"source_json":null,"source_policy_documents":null,"statement":[{"actions":["sqs:SendMessage"],"condition":[],"effect":"Allow","not_actions":[],"not_principals":[],"not_resources":[],"principals":[{"identifiers":["events.amazonaws.com"],"type":"Service"}],"resources":["arn:aws:sqs:us-east-1:000000000000:orders-work.fifo"],"sid":"AllowEventBridgeToSendOrders"}],"version":"2012-10-17"},"sensitive_attributes":[]}]},{"mode":"data","type":"aws_iam_policy_document","name":"states_assume_role","provider":"provider[\"registry.opentofu.org/hashicorp/aws\"]","instances":[{"schema_version":0,"attributes":{"id":"4022981484","json":"{\n  \"Version\": \"2012-10-17\",\n  \"Statement\": [\n    {\n      \"Effect\": \"Allow\",\n      \"Action\": \"sts:AssumeRole\",\n      \"Principal\": {\n        \"Service\": \"states.amazonaws.com\"\n      }\n    }\n  ]\n}","minified_json":"{\"Version\":\"2012-10-17\",\"Statement\":[{\"Effect\":\"Allow\",\"Action\":\"sts:AssumeRole\",\"Principal\":{\"Service\":\"states.amazonaws.com\"}}]}","override_json":null,"override_policy_documents":null,"policy_id":null,"source_json":null,"source_policy_documents":null,"statement":[{"actions":["sts:AssumeRole"],"condition":[],"effect":"Allow","not_actions":[],"not_principals":[],"not_resources":[],"principals":[{"identifiers":["states.amazonaws.com"],"type":"Service"}],"resources":[],"sid":""}],"version":"2012-10-17"},"sensitive_attributes":[]}]},{"mode":"managed","type":"aws_apigatewayv2_api","name":"orders","provider":"provider[\"registry.opentofu.org/hashicorp/aws\"]","instances":[{"schema_version":0,"attributes":{"api_endpoint":"https://20461895c9.execute-api.us-east-1.amazonaws.com","api_key_selection_expression":"$request.header.x-api-key","arn":"arn:aws:apigateway:us-east-1::/apis/20461895c9","body":null,"cors_configuration":[],"credentials_arn":null,"description":"","disable_execute_api_endpoint":false,"execution_arn":"arn:aws:execute-api:us-east-1::20461895c9","fail_on_warnings":null,"id":"20461895c9","ip_address_type":"","name":"orders-work-http-api","protocol_type":"HTTP","region":"us-east-1","route_key":null,"route_selection_expression":"$request.method $request.path","tags":{"Application":"sqs-dlq-on-eks","Environment":"local","ManagedBy":"terraform-opentofu"},"tags_all":{"Application":"sqs-dlq-on-eks","Environment":"local","ManagedBy":"terraform-opentofu"},"target":null,"version":""},"sensitive_attributes":[],"private":"bnVsbA==","identity":{"account_id":"","id":"20461895c9","region":"us-east-1"},"identity_schema_version":0}]},{"mode":"managed","type":"aws_apigatewayv2_integration","name":"put_events","provider":"provider[\"registry.opentofu.org/hashicorp/aws\"]","instances":[{"schema_version":0,"attributes":{"api_id":"20461895c9","connection_id":"","connection_type":"INTERNET","content_handling_strategy":"","credentials_arn":"","description":"","id":"a099e37f","integration_method":"","integration_response_selection_expression":"","integration_subtype":"","integration_type":"AWS_PROXY","integration_uri":"","passthrough_behavior":"","payload_format_version":"1.0","region":"us-east-1","request_parameters":{"Detail":"$request.body","DetailType":"orders.work","EventBusName":"orders-work-events","Source":"orders.api"},"request_templates":null,"response_parameters":[],"template_selection_expression":"","timeout_milliseconds":0,"tls_config":[]},"sensitive_attributes":[],"private":"bnVsbA==","dependencies":["aws_apigatewayv2_api.orders","aws_cloudwatch_event_bus.orders","aws_iam_role.api_gateway_events","aws_iam_role_policy.api_gateway_events","data.aws_iam_policy_document.api_gateway_assume_role"]}]},{"mode":"managed","type":"aws_apigatewayv2_route","name":"post_orders","provider":"provider[\"registry.opentofu.org/hashicorp/aws\"]","instances":[{"schema_version":0,"attributes":{"api_id":"20461895c9","api_key_required":false,"authorization_scopes":null,"authorization_type":"NONE","authorizer_id":"","id":"fca664d1","model_selection_expression":"","operation_name":"","region":"us-east-1","request_models":null,"request_parameter":[],"route_key":"POST /orders","route_response_selection_expression":"","target":"integrations/a099e37f"},"sensitive_attributes":[],"private":"bnVsbA==","dependencies":["aws_apigatewayv2_api.orders","aws_apigatewayv2_integration.put_events","aws_cloudwatch_event_bus.orders","aws_iam_role.api_gateway_events","aws_iam_role_policy.api_gateway_events","data.aws_iam_policy_document.api_gateway_assume_role"],"identity":{"account_id":"","api_id":"20461895c9","id":"fca664d1","region":"us-east-1"},"identity_schema_version":0}]},{"mode":"managed","type":"aws_apigatewayv2_stage","name":"local","provider":"provider[\"registry.opentofu.org/hashicorp/aws\"]","instances":[{"schema_version":0,"attributes":{"access_log_settings":[],"api_id":"20461895c9","arn":"arn:aws:apigateway:us-east-1::/apis/20461895c9/stages/local","auto_deploy":true,"client_certificate_id":"","default_route_settings":[],"deployment_id":"","description":"","execution_arn":"arn:aws:execute-api:us-east-1::20461895c9/local","id":"local","invoke_url":"https://20461895c9.execute-api.us-east-1.amazonaws.com/local","name":"local","region":"us-east-1","route_settings":[],"stage_variables":null,"tags":{},"tags_all":{}},"sensitive_attributes":[],"private":"bnVsbA==","dependencies":["aws_apigatewayv2_api.orders"]}]},{"mode":"managed","type":"aws_cloudwatch_event_bus","name":"orders","provider":"provider[\"registry.opentofu.org/hashicorp/aws\"]","instances":[{"schema_version":0,"attributes":{"arn":"arn:aws:events:us-east-1:000000000000:event-bus/orders-work-events","dead_letter_config":[],"description":"","event_source_name":null,"id":"orders-work-events","kms_key_identifier":"","log_config":[],"name":"orders-work-events","region":"us-east-1","tags":{"Application":"sqs-dlq-on-eks","Environment":"local","ManagedBy":"terraform-opentofu"},"tags_all":{"Application":"sqs-dlq-on-eks","Environment":"local","ManagedBy":"terraform-opentofu"}},"sensitive_attributes":[],"private":"bnVsbA=="}]},{"mode":"managed","type":"aws_cloudwatch_event_rule","name":"orders_to_source_queue","provider":"provider[\"registry.opentofu.org/hashicorp/aws\"]","instances":[{"schema_version":1,"attributes":{"arn":"arn:aws:events:us-east-1:000000000000:rule/orders-work-events/orders-work-orders-to-source-queue","description":"Route normalized order work events to the FIFO source queue.","event_bus_name":"orders-work-events","event_pattern":"{\"detail-type\":[\"orders.work\"],\"source\":[\"orders.api\",\"orders.replay\"]}","force_destroy":false,"id":"orders-work-events/orders-work-orders-to-source-queue","is_enabled":true,"name":"orders-work-orders-to-source-queue","name_prefix":"","region":"us-east-1","role_arn":"","schedule_expression":"","state":"ENABLED","tags":{"Application":"sqs-dlq-on-eks","Environment":"local","ManagedBy":"terraform-opentofu"},"tags_all":{"Application":"sqs-dlq-on-eks","Environment":"local","ManagedBy":"terraform-opentofu"}},"sensitive_attributes":[],"private":"eyJzY2hlbWFfdmVyc2lvbiI6IjEifQ==","dependencies":["aws_cloudwatch_event_bus.orders"],"identity":{"account_id":"","name":"orders-work-orders-to-source-queue","region":"us-east-1"},"identity_schema_version":0}]},{"mode":"managed","type":"aws_cloudwatch_event_target","name":"source_queue","provider":"provider[\"registry.opentofu.org/hashicorp/aws\"]","instances":[{"schema_version":1,"attributes":{"appsync_target":[],"arn":"arn:aws:sqs:us-east-1:000000000000:orders-work.fifo","batch_target":[],"dead_letter_config":[],"ecs_target":[],"event_bus_name":"orders-work-events","force_destroy":false,"http_target":[],"id":"orders-work-events-orders-work-orders-to-source-queue-source-queue","input":"","input_path":"","input_transformer":[],"kinesis_target":[],"redshift_target":[],"region":"us-east-1","retry_policy":[],"role_arn":"","rule":"orders-work-orders-to-source-queue","run_command_targets":[],"sagemaker_pipeline_target":[],"sqs_target":[{"message_group_id":"orders"}],"target_id":"source-queue"},"sensitive_attributes":[],"private":"eyJzY2hlbWFfdmVyc2lvbiI6IjEifQ==","dependencies":["aws_cloudwatch_event_bus.orders","aws_cloudwatch_event_rule.orders_to_source_queue","aws_kms_key.work","aws_sqs_queue.source"],"identity":{"account_id":"","event_bus_name":"orders-work-events","region":"us-east-1","rule":"orders-work-orders-to-source-queue","target_id":"source-queue"},"identity_schema_version":0}]},{"mode":"managed","type":"aws_cloudwatch_log_group","name":"triage","provider":"provider[\"registry.opentofu.org/hashicorp/aws\"]","instances":[{"schema_version":0,"attributes":{"arn":"arn:aws:logs:us-east-1:000000000000:log-group:/aws/eks/orders-work/dlq-triage","deletion_protection_enabled":false,"id":"/aws/eks/orders-work/dlq-triage","kms_key_id":"","log_group_class":"","name":"/aws/eks/orders-work/dlq-triage","name_prefix":"","region":"us-east-1","retention_in_days":14,"skip_destroy":false,"tags":{"Application":"sqs-dlq-on-eks","Environment":"local","ManagedBy":"terraform-opentofu"},"tags_all":{"Application":"sqs-dlq-on-eks","Environment":"local","ManagedBy":"terraform-opentofu"}},"sensitive_attributes":[],"private":"bnVsbA==","dependencies":["aws_kms_key.work"],"identity":{"account_id":"","name":"/aws/eks/orders-work/dlq-triage","region":"us-east-1"},"identity_schema_version":0}]},{"mode":"managed","type":"aws_cloudwatch_log_group","name":"worker","provider":"provider[\"registry.opentofu.org/hashicorp/aws\"]","instances":[{"schema_version":0,"attributes":{"arn":"arn:aws:logs:us-east-1:000000000000:log-group:/aws/eks/orders-work/order-worker","deletion_protection_enabled":false,"id":"/aws/eks/orders-work/order-worker","kms_key_id":"","log_group_class":"","name":"/aws/eks/orders-work/order-worker","name_prefix":"","region":"us-east-1","retention_in_days":14,"skip_destroy":false,"tags":{"Application":"sqs-dlq-on-eks","Environment":"local","ManagedBy":"terraform-opentofu"},"tags_all":{"Application":"sqs-dlq-on-eks","Environment":"local","ManagedBy":"terraform-opentofu"}},"sensitive_attributes":[],"private":"bnVsbA==","dependencies":["aws_kms_key.work"],"identity":{"account_id":"","name":"/aws/eks/orders-work/order-worker","region":"us-east-1"},"identity_schema_version":0}]},{"mode":"managed","type":"aws_cloudwatch_metric_alarm","name":"dlq_depth","provider":"provider[\"registry.opentofu.org/hashicorp/aws\"]","instances":[{"schema_version":1,"attributes":{"actions_enabled":true,"alarm_actions":["arn:aws:sns:us-east-1:000000000000:orders-work-operator-alerts"],"alarm_description":"Page when any message remains in the DLQ for 5 minutes.","alarm_name":"orders-work-dlq-depth","arn":"arn:aws:cloudwatch:us-east-1:000000000000:alarm:orders-work-dlq-depth","comparison_operator":"GreaterThanThreshold","datapoints_to_alarm":0,"dimensions":{},"evaluate_low_sample_count_percentiles":"","evaluation_criteria":[],"evaluation_interval":0,"evaluation_periods":5,"extended_statistic":"","id":"orders-work-dlq-depth","insufficient_data_actions":null,"metric_name":"ApproximateNumberOfMessagesVisible","metric_query":[],"namespace":"AWS/SQS","ok_actions":null,"period":60,"region":"us-east-1","statistic":"Sum","tags":{"Application":"sqs-dlq-on-eks","Environment":"local","ManagedBy":"terraform-opentofu"},"tags_all":{"Application":"sqs-dlq-on-eks","Environment":"local","ManagedBy":"terraform-opentofu"},"threshold":0,"threshold_metric_id":"","treat_missing_data":"missing","unit":""},"sensitive_attributes":[],"private":"eyJzY2hlbWFfdmVyc2lvbiI6IjEifQ==","dependencies":["aws_kms_key.work","aws_sns_topic.operator_alerts","aws_sqs_queue.dlq"],"identity":{"account_id":"","alarm_name":"orders-work-dlq-depth","region":"us-east-1"},"identity_schema_version":0}]},{"mode":"managed","type":"aws_cloudwatch_metric_alarm","name":"dlq_oldest_age","provider":"provider[\"registry.opentofu.org/hashicorp/aws\"]","instances":[{"schema_version":1,"attributes":{"actions_enabled":true,"alarm_actions":["arn:aws:sns:us-east-1:000000000000:orders-work-operator-alerts"],"alarm_description":"Page when the oldest DLQ message is older than 30 minutes.","alarm_name":"orders-work-dlq-oldest-age","arn":"arn:aws:cloudwatch:us-east-1:000000000000:alarm:orders-work-dlq-oldest-age","comparison_operator":"GreaterThanThreshold","datapoints_to_alarm":0,"dimensions":{},"evaluate_low_sample_count_percentiles":"","evaluation_criteria":[],"evaluation_interval":0,"evaluation_periods":1,"extended_statistic":"","id":"orders-work-dlq-oldest-age","insufficient_data_actions":null,"metric_name":"ApproximateAgeOfOldestMessage","metric_query":[],"namespace":"AWS/SQS","ok_actions":null,"period":60,"region":"us-east-1","statistic":"Maximum","tags":{"Application":"sqs-dlq-on-eks","Environment":"local","ManagedBy":"terraform-opentofu"},"tags_all":{"Application":"sqs-dlq-on-eks","Environment":"local","ManagedBy":"terraform-opentofu"},"threshold":1800,"threshold_metric_id":"","treat_missing_data":"missing","unit":""},"sensitive_attributes":[],"private":"eyJzY2hlbWFfdmVyc2lvbiI6IjEifQ==","dependencies":["aws_kms_key.work","aws_sns_topic.operator_alerts","aws_sqs_queue.dlq"],"identity":{"account_id":"","alarm_name":"orders-work-dlq-oldest-age","region":"us-east-1"},"identity_schema_version":0}]},{"mode":"managed","type":"aws_dynamodb_table","name":"idempotency","provider":"provider[\"registry.opentofu.org/hashicorp/aws\"]","instances":[{"schema_version":1,"attributes":{"arn":"arn:aws:dynamodb:us-east-1:000000000000:table/orders-work-idempotency","attribute":[{"name":"business_key","type":"S"},{"name":"message_id","type":"S"}],"billing_mode":"PAY_PER_REQUEST","deletion_protection_enabled":false,"global_secondary_index":[],"global_table_witness":[],"hash_key":"message_id","id":"orders-work-idempotency","import_table":[],"local_secondary_index":[],"name":"orders-work-idempotency","on_demand_throughput":[],"point_in_time_recovery":[{"enabled":true,"recovery_period_in_days":35}],"range_key":"business_key","read_capacity":0,"region":"us-east-1","replica":[],"restore_backup_arn":null,"restore_date_time":null,"restore_source_name":null,"restore_source_table_arn":null,"restore_to_latest_time":null,"server_side_encryption":[{"enabled":true,"kms_key_arn":"arn:aws:kms:us-east-1:000000000000:key/aws-managed-dynamodb"}],"stream_arn":"","stream_enabled":false,"stream_label":"","stream_view_type":"","table_class":"STANDARD","tags":{"Application":"sqs-dlq-on-eks","Environment":"local","ManagedBy":"terraform-opentofu","Name":"orders-work-idempotency"},"tags_all":{"Application":"sqs-dlq-on-eks","Environment":"local","ManagedBy":"terraform-opentofu","Name":"orders-work-idempotency"},"timeouts":null,"ttl":[{"attribute_name":"expires_at","enabled":true}],"warm_throughput":[],"write_capacity":0},"sensitive_attributes":[],"private":"eyJlMmJmYjczMC1lY2FhLTExZTYtOGY4OC0zNDM2M2JjN2M0YzAiOnsiY3JlYXRlIjoxODAwMDAwMDAwMDAwLCJkZWxldGUiOjYwMDAwMDAwMDAwMCwidXBkYXRlIjozNjAwMDAwMDAwMDAwfSwic2NoZW1hX3ZlcnNpb24iOiIxIn0=","dependencies":["aws_kms_key.work"],"identity":{"account_id":"","name":"orders-work-idempotency","region":"us-east-1"},"identity_schema_version":0}]},{"mode":"managed","type":"aws_dynamodb_table","name":"orders","provider":"provider[\"registry.opentofu.org/hashicorp/aws\"]","instances":[{"schema_version":1,"attributes":{"arn":"arn:aws:dynamodb:us-east-1:000000000000:table/orders-work-orders","attribute":[{"name":"order_id","type":"S"}],"billing_mode":"PAY_PER_REQUEST","deletion_protection_enabled":false,"global_secondary_index":[],"global_table_witness":[],"hash_key":"order_id","id":"orders-work-orders","import_table":[],"local_secondary_index":[],"name":"orders-work-orders","on_demand_throughput":[],"point_in_time_recovery":[{"enabled":true,"recovery_period_in_days":35}],"range_key":null,"read_capacity":0,"region":"us-east-1","replica":[],"restore_backup_arn":null,"restore_date_time":null,"restore_source_name":null,"restore_source_table_arn":null,"restore_to_latest_time":null,"server_side_encryption":[{"enabled":true,"kms_key_arn":"arn:aws:kms:us-east-1:000000000000:key/aws-managed-dynamodb"}],"stream_arn":"","stream_enabled":false,"stream_label":"","stream_view_type":"","table_class":"STANDARD","tags":{"Application":"sqs-dlq-on-eks","Environment":"local","ManagedBy":"terraform-opentofu","Name":"orders-work-orders"},"tags_all":{"Application":"sqs-dlq-on-eks","Environment":"local","ManagedBy":"terraform-opentofu","Name":"orders-work-orders"},"timeouts":null,"ttl":[{"attribute_name":"","enabled":false}],"warm_throughput":[],"write_capacity":0},"sensitive_attributes":[],"private":"eyJlMmJmYjczMC1lY2FhLTExZTYtOGY4OC0zNDM2M2JjN2M0YzAiOnsiY3JlYXRlIjoxODAwMDAwMDAwMDAwLCJkZWxldGUiOjYwMDAwMDAwMDAwMCwidXBkYXRlIjozNjAwMDAwMDAwMDAwfSwic2NoZW1hX3ZlcnNpb24iOiIxIn0=","dependencies":["aws_kms_key.work"],"identity":{"account_id":"","name":"orders-work-orders","region":"us-east-1"},"identity_schema_version":0}]},{"mode":"managed","type":"aws_eks_cluster","name":"orders","provider":"provider[\"registry.opentofu.org/hashicorp/aws\"]","instances":[{"schema_version":1,"attributes":{"access_config":[],"arn":"arn:aws:eks:us-east-1:000000000000:cluster/orders-work-eks","bootstrap_self_managed_addons":true,"certificate_authority":[{"data":"LS0tLS1CRUdJTiBDRVJUSUZJQ0FURS0tLS0tCk1JSUJlRENDQVIyZ0F3SUJBZ0lCQURBS0JnZ3Foa2pPUFFRREFqQWpNU0V3SHdZRFZRUUREQmhyTTNNdGMyVnkKZG1WeUxXTmhRREUzT0RBNU9EVXdPVGN3SGhjTk1qWXdOakE1TURZd05EVTNXaGNOTXpZd05qQTJNRFl3TkRVMwpXakFqTVNFd0h3WURWUVFEREJock0zTXRjMlZ5ZG1WeUxXTmhRREUzT0RBNU9EVXdPVGN3V1RBVEJnY3Foa2pPClBRSUJCZ2dxaGtqT1BRTUJCd05DQUFROHVzTWFvcnRnbE5rN1Y1ZFBzR3NtVmF3NkI3bnQzQzlncmduWlNRT2UKYzdQby81cWc3MmhLYi9oUysxSkJLT21vNXpETHkyMzRKckh2TU5NNlhOaDVvMEl3UURBT0JnTlZIUThCQWY4RQpCQU1DQXFRd0R3WURWUjBUQVFIL0JBVXdBd0VCL3pBZEJnTlZIUTRFRmdRVTZlbXBJOEtKN2w3djB6dTIya0FUCkQ3QVJMMW93Q2dZSUtvWkl6ajBFQXdJRFNRQXdSZ0loQUlFNHYxREJ0VjlDYlhyMUpJcXhZVGVSemxLWGJnRHIKTEI1YmN2b1VzMWNOQWlFQTBuT0RWVzk1K3BOUGNZa1lXTFFzVHFoUE51T3Y0UlJKVWhqR0kyWExHRVU9Ci0tLS0tRU5EIENFUlRJRklDQVRFLS0tLS0K"}],"cluster_id":null,"compute_config":[],"control_plane_scaling_config":[],"created_at":"2026-06-09T06:04:50Z","deletion_protection":false,"enabled_cluster_log_types":null,"encryption_config":[],"endpoint":"https://localhost:6500","force_update_version":null,"id":"orders-work-eks","identity":[],"kubernetes_network_config":[{"elastic_load_balancing":[],"ip_family":"ipv4","service_ipv4_cidr":"10.100.0.0/16","service_ipv6_cidr":""}],"name":"orders-work-eks","outpost_config":[],"platform_version":"eks.1","region":"us-east-1","remote_network_config":[],"role_arn":"arn:aws:iam::000000000000:role/orders-work-eks-cluster","status":"ACTIVE","storage_config":[],"tags":{"Application":"sqs-dlq-on-eks","Environment":"local","ManagedBy":"terraform-opentofu"},"tags_all":{"Application":"sqs-dlq-on-eks","Environment":"local","ManagedBy":"terraform-opentofu"},"timeouts":null,"upgrade_policy":[],"version":"1.30","vpc_config":[{"cluster_security_group_id":"","endpoint_private_access":true,"endpoint_public_access":false,"public_access_cidrs":["0.0.0.0/0"],"security_group_ids":["sg-ecf8e2b01bfd30f89"],"subnet_ids":["subnet-0e575a74","subnet-e8d45278"],"vpc_id":""}],"zonal_shift_config":[]},"sensitive_attributes":[],"private":"eyJlMmJmYjczMC1lY2FhLTExZTYtOGY4OC0zNDM2M2JjN2M0YzAiOnsiY3JlYXRlIjoxODAwMDAwMDAwMDAwLCJkZWxldGUiOjkwMDAwMDAwMDAwMCwidXBkYXRlIjozNjAwMDAwMDAwMDAwfSwic2NoZW1hX3ZlcnNpb24iOiIxIn0=","dependencies":["aws_iam_role.eks_cluster","aws_iam_role_policy.eks_cluster","aws_security_group.eks_control_plane","aws_subnet.private_a","aws_subnet.private_b","aws_vpc.private","data.aws_iam_policy_document.eks_assume_role"],"identity":{"account_id":"","name":"orders-work-eks","region":"us-east-1"},"identity_schema_version":0}]},{"mode":"managed","type":"aws_iam_role","name":"api_gateway_events","provider":"provider[\"registry.opentofu.org/hashicorp/aws\"]","instances":[{"schema_version":0,"attributes":{"arn":"arn:aws:iam::000000000000:role/orders-work-api-gateway-events","assume_role_policy":"{\"Statement\":[{\"Action\":\"sts:AssumeRole\",\"Effect\":\"Allow\",\"Principal\":{\"Service\":\"apigateway.amazonaws.com\"}}],\"Version\":\"2012-10-17\"}","create_date":"2026-06-09T06:04:50Z","description":"","force_detach_policies":false,"id":"orders-work-api-gateway-events","inline_policy":[],"managed_policy_arns":[],"max_session_duration":3600,"name":"orders-work-api-gateway-events","name_prefix":"","path":"/","permissions_boundary":"","tags":{},"tags_all":{},"unique_id":"AROAC8IKFVGE9OVHTPO9"},"sensitive_attributes":[],"private":"bnVsbA==","dependencies":["data.aws_iam_policy_document.api_gateway_assume_role"],"identity":{"account_id":"","name":"orders-work-api-gateway-events"},"identity_schema_version":0}]},{"mode":"managed","type":"aws_iam_role","name":"eks_cluster","provider":"provider[\"registry.opentofu.org/hashicorp/aws\"]","instances":[{"schema_version":0,"attributes":{"arn":"arn:aws:iam::000000000000:role/orders-work-eks-cluster","assume_role_policy":"{\"Statement\":[{\"Action\":\"sts:AssumeRole\",\"Effect\":\"Allow\",\"Principal\":{\"Service\":\"eks.amazonaws.com\"}}],\"Version\":\"2012-10-17\"}","create_date":"2026-06-09T06:04:50Z","description":"","force_detach_policies":false,"id":"orders-work-eks-cluster","inline_policy":[],"managed_policy_arns":[],"max_session_duration":3600,"name":"orders-work-eks-cluster","name_prefix":"","path":"/","permissions_boundary":"","tags":{},"tags_all":{},"unique_id":"AROA6CRYGV0GN48GV9V2"},"sensitive_attributes":[],"private":"bnVsbA==","dependencies":["data.aws_iam_policy_document.eks_assume_role"],"identity":{"account_id":"","name":"orders-work-eks-cluster"},"identity_schema_version":0}]},{"mode":"managed","type":"aws_iam_role","name":"fargate_pod_execution","provider":"provider[\"registry.opentofu.org/hashicorp/aws\"]","instances":[{"schema_version":0,"attributes":{"arn":"arn:aws:iam::000000000000:role/orders-work-fargate-pod-execution","assume_role_policy":"{\"Statement\":[{\"Action\":\"sts:AssumeRole\",\"Effect\":\"Allow\",\"Principal\":{\"Service\":\"eks-fargate-pods.amazonaws.com\"}}],\"Version\":\"2012-10-17\"}","create_date":"2026-06-09T06:04:50Z","description":"","force_detach_policies":false,"id":"orders-work-fargate-pod-execution","inline_policy":[],"managed_policy_arns":[],"max_session_duration":3600,"name":"orders-work-fargate-pod-execution","name_prefix":"","path":"/","permissions_boundary":"","tags":{},"tags_all":{},"unique_id":"AROAW6WXLKLP0F0MWB9M"},"sensitive_attributes":[],"private":"bnVsbA==","dependencies":["data.aws_iam_policy_document.fargate_assume_role"],"identity":{"account_id":"","name":"orders-work-fargate-pod-execution"},"identity_schema_version":0}]},{"mode":"managed","type":"aws_iam_role","name":"remediation","provider":"provider[\"registry.opentofu.org/hashicorp/aws\"]","instances":[{"schema_version":0,"attributes":{"arn":"arn:aws:iam::000000000000:role/orders-work-remediation","assume_role_policy":"{\"Statement\":[{\"Action\":\"sts:AssumeRole\",\"Effect\":\"Allow\",\"Principal\":{\"Service\":\"states.amazonaws.com\"}}],\"Version\":\"2012-10-17\"}","create_date":"2026-06-09T06:04:50Z","description":"","force_detach_policies":false,"id":"orders-work-remediation","inline_policy":[],"managed_policy_arns":[],"max_session_duration":3600,"name":"orders-work-remediation","name_prefix":"","path":"/","permissions_boundary":"","tags":{},"tags_all":{},"unique_id":"AROA5E4SAR8YR1KKA1W4"},"sensitive_attributes":[],"private":"bnVsbA==","dependencies":["data.aws_iam_policy_document.states_assume_role"],"identity":{"account_id":"","name":"orders-work-remediation"},"identity_schema_version":0}]},{"mode":"managed","type":"aws_iam_role_policy","name":"api_gateway_events","provider":"provider[\"registry.opentofu.org/hashicorp/aws\"]","instances":[{"schema_version":0,"attributes":{"id":"orders-work-api-gateway-events:orders-work-api-gateway-events","name":"orders-work-api-gateway-events","name_prefix":"","policy":"{\"Version\":\"2012-10-17\",\"Statement\":[{\"Action\":[\"events:PutEvents\"],\"Effect\":\"Allow\",\"Resource\":\"arn:aws:events:us-east-1:000000000000:event-bus/orders-work-events\"}]}","role":"orders-work-api-gateway-events"},"sensitive_attributes":[],"private":"bnVsbA==","dependencies":["aws_cloudwatch_event_bus.orders","aws_iam_role.api_gateway_events","data.aws_iam_policy_document.api_gateway_assume_role"],"identity":{"account_id":"","name":"orders-work-api-gateway-events","role":"orders-work-api-gateway-events"},"identity_schema_version":0}]},{"mode":"managed","type":"aws_iam_role_policy","name":"eks_cluster","provider":"provider[\"registry.opentofu.org/hashicorp/aws\"]","instances":[{"schema_version":0,"attributes":{"id":"orders-work-eks-cluster:orders-work-eks-cluster","name":"orders-work-eks-cluster","name_prefix":"","policy":"{\"Version\":\"2012-10-17\",\"Statement\":[{\"Action\":[\"ec2:Describe*\",\"eks:*\",\"iam:PassRole\"],\"Effect\":\"Allow\",\"Resource\":\"*\"}]}","role":"orders-work-eks-cluster"},"sensitive_attributes":[],"private":"bnVsbA==","dependencies":["aws_iam_role.eks_cluster","data.aws_iam_policy_document.eks_assume_role"],"identity":{"account_id":"","name":"orders-work-eks-cluster","role":"orders-work-eks-cluster"},"identity_schema_version":0}]},{"mode":"managed","type":"aws_iam_role_policy","name":"remediation","provider":"provider[\"registry.opentofu.org/hashicorp/aws\"]","instances":[{"schema_version":0,"attributes":{"id":"orders-work-remediation:orders-work-remediation","name":"orders-work-remediation","name_prefix":"","policy":"{\"Version\":\"2012-10-17\",\"Statement\":[{\"Action\":[\"sqs:SendMessage\"],\"Effect\":\"Allow\",\"Resource\":\"arn:aws:sqs:us-east-1:000000000000:orders-work-replay.fifo\",\"Sid\":\"SendReplayMessage\"},{\"Action\":[\"s3:PutObject\"],\"Effect\":\"Allow\",\"Resource\":\"arn:aws:s3:::orders-work-quarantine-local/*\",\"Sid\":\"WriteQuarantineObject\"},{\"Action\":[\"kms:Encrypt\",\"kms:GenerateDataKey\"],\"Effect\":\"Allow\",\"Resource\":\"arn:aws:kms:us-east-1:000000000000:key/ebe74dc7-d5d0-4c84-9b33-29b87c5e4f68\",\"Sid\":\"UseWorkKey\"}]}","role":"orders-work-remediation"},"sensitive_attributes":[],"private":"bnVsbA==","dependencies":["aws_iam_role.remediation","aws_kms_key.work","aws_s3_bucket.quarantine","aws_sqs_queue.replay","data.aws_iam_policy_document.states_assume_role"],"identity":{"account_id":"","name":"orders-work-remediation","role":"orders-work-remediation"},"identity_schema_version":0}]},{"mode":"managed","type":"aws_kms_alias","name":"work","provider":"provider[\"registry.opentofu.org/hashicorp/aws\"]","instances":[{"schema_version":0,"attributes":{"arn":"arn:aws:kms:us-east-1:000000000000:alias/orders-work-local","id":"alias/orders-work-local","name":"alias/orders-work-local","name_prefix":"","region":"us-east-1","target_key_arn":"arn:aws:kms:us-east-1:000000000000:key/ebe74dc7-d5d0-4c84-9b33-29b87c5e4f68","target_key_id":"ebe74dc7-d5d0-4c84-9b33-29b87c5e4f68"},"sensitive_attributes":[],"private":"bnVsbA==","dependencies":["aws_kms_key.work"],"identity":{"account_id":"","name":"alias/orders-work-local","region":"us-east-1"},"identity_schema_version":0}]},{"mode":"managed","type":"aws_kms_key","name":"work","provider":"provider[\"registry.opentofu.org/hashicorp/aws\"]","instances":[{"schema_version":0,"attributes":{"arn":"arn:aws:kms:us-east-1:000000000000:key/ebe74dc7-d5d0-4c84-9b33-29b87c5e4f68","bypass_policy_lockout_safety_check":false,"custom_key_store_id":"","customer_master_key_spec":"SYMMETRIC_DEFAULT","deletion_window_in_days":7,"description":"Local CMK for SQS DLQ architecture resources","enable_key_rotation":true,"id":"ebe74dc7-d5d0-4c84-9b33-29b87c5e4f68","is_enabled":true,"key_id":"ebe74dc7-d5d0-4c84-9b33-29b87c5e4f68","key_usage":"ENCRYPT_DECRYPT","multi_region":false,"policy":"{\"Statement\":[{\"Action\":\"kms:*\",\"Effect\":\"Allow\",\"Principal\":{\"AWS\":\"arn:aws:iam::000000000000:root\"},\"Resource\":\"*\",\"Sid\":\"Enable IAM User Permissions\"}],\"Version\":\"2012-10-17\"}","region":"us-east-1","rotation_period_in_days":0,"tags":{"Application":"sqs-dlq-on-eks","Environment":"local","ManagedBy":"terraform-opentofu","Name":"orders-work-kms"},"tags_all":{"Application":"sqs-dlq-on-eks","Environment":"local","ManagedBy":"terraform-opentofu","Name":"orders-work-kms"},"timeouts":null,"xks_key_id":""},"sensitive_attributes":[],"private":"eyJlMmJmYjczMC1lY2FhLTExZTYtOGY4OC0zNDM2M2JjN2M0YzAiOnsiY3JlYXRlIjoxMjAwMDAwMDAwMDB9fQ==","identity":{"account_id":"","id":"ebe74dc7-d5d0-4c84-9b33-29b87c5e4f68","region":"us-east-1"},"identity_schema_version":0}]},{"mode":"managed","type":"aws_s3_bucket","name":"quarantine","provider":"provider[\"registry.opentofu.org/hashicorp/aws\"]","instances":[{"schema_version":0,"attributes":{"acceleration_status":"","acl":null,"arn":"arn:aws:s3:::orders-work-quarantine-local","bucket":"orders-work-quarantine-local","bucket_domain_name":"orders-work-quarantine-local.s3.amazonaws.com","bucket_namespace":"global","bucket_prefix":"","bucket_region":"us-east-1","bucket_regional_domain_name":"orders-work-quarantine-local.s3.us-east-1.amazonaws.com","cors_rule":[],"force_destroy":true,"grant":[{"id":"000000000000","permissions":["FULL_CONTROL"],"type":"CanonicalUser","uri":""}],"hosted_zone_id":"Z3AQBSTGFYJSTF","id":"orders-work-quarantine-local","lifecycle_rule":[],"logging":[],"object_lock_configuration":[],"object_lock_enabled":false,"policy":"","region":"us-east-1","replication_configuration":[{"role":null,"rules":null}],"request_payer":"BucketOwner","server_side_encryption_configuration":[],"tags":{},"tags_all":{},"timeouts":null,"versioning":[{"enabled":false,"mfa_delete":false}],"website":[],"website_domain":null,"website_endpoint":null},"sensitive_attributes":[],"private":"eyJlMmJmYjczMC1lY2FhLTExZTYtOGY4OC0zNDM2M2JjN2M0YzAiOnsiY3JlYXRlIjoxMjAwMDAwMDAwMDAwLCJkZWxldGUiOjM2MDAwMDAwMDAwMDAsInJlYWQiOjEyMDAwMDAwMDAwMDAsInVwZGF0ZSI6MTIwMDAwMDAwMDAwMH19","identity":{"account_id":"","bucket":"orders-work-quarantine-local","region":"us-east-1"},"identity_schema_version":0}]},{"mode":"managed","type":"aws_s3_bucket_public_access_block","name":"quarantine","provider":"provider[\"registry.opentofu.org/hashicorp/aws\"]","instances":[{"schema_version":0,"attributes":{"block_public_acls":true,"block_public_policy":true,"bucket":"orders-work-quarantine-local","id":"orders-work-quarantine-local","ignore_public_acls":true,"region":"us-east-1","restrict_public_buckets":true,"skip_destroy":null},"sensitive_attributes":[],"private":"bnVsbA==","dependencies":["aws_s3_bucket.quarantine"],"identity":{"account_id":"","bucket":"orders-work-quarantine-local","region":"us-east-1"},"identity_schema_version":0}]},{"mode":"managed","type":"aws_s3_bucket_server_side_encryption_configuration","name":"quarantine","provider":"provider[\"registry.opentofu.org/hashicorp/aws\"]","instances":[{"schema_version":0,"attributes":{"bucket":"orders-work-quarantine-local","expected_bucket_owner":"","id":"orders-work-quarantine-local","region":"us-east-1","rule":[{"apply_server_side_encryption_by_default":[{"kms_master_key_id":"arn:aws:kms:us-east-1:000000000000:key/ebe74dc7-d5d0-4c84-9b33-29b87c5e4f68","sse_algorithm":"aws:kms"}],"blocked_encryption_types":[],"bucket_key_enabled":false}]},"sensitive_attributes":[],"private":"bnVsbA==","dependencies":["aws_kms_key.work","aws_s3_bucket.quarantine"],"identity":{"account_id":"","bucket":"orders-work-quarantine-local","region":"us-east-1"},"identity_schema_version":1}]},{"mode":"managed","type":"aws_s3_bucket_versioning","name":"quarantine","provider":"provider[\"registry.opentofu.org/hashicorp/aws\"]","instances":[{"schema_version":0,"attributes":{"bucket":"orders-work-quarantine-local","expected_bucket_owner":"","id":"orders-work-quarantine-local","mfa":null,"region":"us-east-1","versioning_configuration":[{"mfa_delete":"Disabled","status":"Enabled"}]},"sensitive_attributes":[],"private":"bnVsbA==","dependencies":["aws_s3_bucket.quarantine"],"identity":{"account_id":"","bucket":"orders-work-quarantine-local","region":"us-east-1"},"identity_schema_version":1}]},{"mode":"managed","type":"aws_secretsmanager_secret","name":"runtime","provider":"provider[\"registry.opentofu.org/hashicorp/aws\"]","instances":[{"schema_version":0,"attributes":{"arn":"arn:aws:secretsmanager:us-east-1:000000000000:secret:orders-work/runtime-NCPNBL","description":"Runtime secret placeholder; values are injected outside Terraform to avoid state exposure.","force_overwrite_replica_secret":false,"id":"arn:aws:secretsmanager:us-east-1:000000000000:secret:orders-work/runtime-NCPNBL","kms_key_id":"arn:aws:kms:us-east-1:000000000000:key/ebe74dc7-d5d0-4c84-9b33-29b87c5e4f68","name":"orders-work/runtime","name_prefix":"","policy":"","recovery_window_in_days":0,"region":"us-east-1","replica":[],"tags":{"Application":"sqs-dlq-on-eks","Environment":"local","ManagedBy":"terraform-opentofu"},"tags_all":{"Application":"sqs-dlq-on-eks","Environment":"local","ManagedBy":"terraform-opentofu"}},"sensitive_attributes":[],"private":"bnVsbA==","dependencies":["aws_kms_key.work"],"identity":{"arn":"arn:aws:secretsmanager:us-east-1:000000000000:secret:orders-work/runtime-NCPNBL"},"identity_schema_version":0}]},{"mode":"managed","type":"aws_security_group","name":"eks_control_plane","provider":"provider[\"registry.opentofu.org/hashicorp/aws\"]","instances":[{"schema_version":1,"attributes":{"arn":"arn:aws:ec2:us-east-1:000000000000:security-group/sg-ecf8e2b01bfd30f89","description":"Local EKS control plane security group","egress":[{"cidr_blocks":["0.0.0.0/0"],"description":"","from_port":0,"ipv6_cidr_blocks":[],"prefix_list_ids":[],"protocol":"-1","security_groups":[],"self":false,"to_port":0}],"id":"sg-ecf8e2b01bfd30f89","ingress":[],"name":"orders-work-eks-control-plane","name_prefix":"","owner_id":"000000000000","region":"us-east-1","revoke_rules_on_delete":false,"tags":{},"tags_all":{},"timeouts":null,"vpc_id":"vpc-e6abe36b"},"sensitive_attributes":[],"private":"eyJlMmJmYjczMC1lY2FhLTExZTYtOGY4OC0zNDM2M2JjN2M0YzAiOnsiY3JlYXRlIjo2MDAwMDAwMDAwMDAsImRlbGV0ZSI6OTAwMDAwMDAwMDAwfSwic2NoZW1hX3ZlcnNpb24iOiIxIn0=","dependencies":["aws_vpc.private"],"identity":{"account_id":"","id":"sg-ecf8e2b01bfd30f89","region":"us-east-1"},"identity_schema_version":0}]},{"mode":"managed","type":"aws_security_group","name":"sqs_endpoint","provider":"provider[\"registry.opentofu.org/hashicorp/aws\"]","instances":[{"schema_version":1,"attributes":{"arn":"arn:aws:ec2:us-east-1:000000000000:security-group/sg-7f49a0d3e9702fbf6","description":"PrivateLink endpoint access for SQS","egress":[{"cidr_blocks":["0.0.0.0/0"],"description":"","from_port":0,"ipv6_cidr_blocks":[],"prefix_list_ids":[],"protocol":"-1","security_groups":[],"self":false,"to_port":0}],"id":"sg-7f49a0d3e9702fbf6","ingress":[{"cidr_blocks":["10.42.0.0/16"],"description":"","from_port":443,"ipv6_cidr_blocks":[],"prefix_list_ids":[],"protocol":"tcp","security_groups":[],"self":false,"to_port":443}],"name":"orders-work-sqs-endpoint","name_prefix":"","owner_id":"000000000000","region":"us-east-1","revoke_rules_on_delete":false,"tags":{},"tags_all":{},"timeouts":null,"vpc_id":"vpc-e6abe36b"},"sensitive_attributes":[],"private":"eyJlMmJmYjczMC1lY2FhLTExZTYtOGY4OC0zNDM2M2JjN2M0YzAiOnsiY3JlYXRlIjo2MDAwMDAwMDAwMDAsImRlbGV0ZSI6OTAwMDAwMDAwMDAwfSwic2NoZW1hX3ZlcnNpb24iOiIxIn0=","dependencies":["aws_vpc.private"],"identity":{"account_id":"","id":"sg-7f49a0d3e9702fbf6","region":"us-east-1"},"identity_schema_version":0}]},{"mode":"managed","type":"aws_sfn_state_machine","name":"remediation","provider":"provider[\"registry.opentofu.org/hashicorp/aws\"]","instances":[{"status":"tainted","schema_version":0,"attributes":{"arn":"arn:aws:states:us-east-1:000000000000:stateMachine:orders-work-remediation","creation_date":"2026-06-09T06:05:23Z","definition":"{\"Comment\":\"Manual DLQ remediation: approve replay or quarantine payloads.\",\"StartAt\":\"Decision\",\"States\":{\"Decision\":{\"Choices\":[{\"Next\":\"SendToReplayQueue\",\"StringEquals\":\"replay\",\"Variable\":\"$.decision\"},{\"Next\":\"QuarantinePayload\",\"StringEquals\":\"quarantine\",\"Variable\":\"$.decision\"}],\"Default\":\"RejectUnknownDecision\",\"Type\":\"Choice\"},\"QuarantinePayload\":{\"End\":true,\"Parameters\":{\"Body.$\":\"States.JsonToString($)\",\"Bucket\":\"orders-work-quarantine-local\",\"Key.$\":\"States.Format('dlq/{}.json', $.messageId)\",\"SSEKMSKeyId\":\"arn:aws:kms:us-east-1:000000000000:key/ebe74dc7-d5d0-4c84-9b33-29b87c5e4f68\",\"ServerSideEncryption\":\"aws:kms\"},\"Resource\":\"arn:aws:states:::aws-sdk:s3:putObject\",\"Type\":\"Task\"},\"RejectUnknownDecision\":{\"Cause\":\"decision must be replay or quarantine\",\"Error\":\"InvalidDecision\",\"Type\":\"Fail\"},\"SendToReplayQueue\":{\"End\":true,\"Parameters\":{\"MessageBody\":{\"original.$\":\"$.message\",\"reason.$\":\"$.reason\"},\"MessageGroupId\":\"orders-replay\",\"QueueUrl\":\"http://floci:4566/000000000000/orders-work-replay.fifo\"},\"Resource\":\"arn:aws:states:::sqs:sendMessage\",\"Type\":\"Task\"}}}","description":"","encryption_configuration":[],"id":"arn:aws:states:us-east-1:000000000000:stateMachine:orders-work-remediation","logging_configuration":[],"name":"orders-work-remediation","name_prefix":"","publish":false,"region":"us-east-1","revision_id":"","role_arn":"arn:aws:iam::000000000000:role/orders-work-remediation","state_machine_version_arn":null,"status":"ACTIVE","tags":{"Application":"sqs-dlq-on-eks","Environment":"local","ManagedBy":"terraform-opentofu"},"tags_all":{"Application":"sqs-dlq-on-eks","Environment":"local","ManagedBy":"terraform-opentofu"},"timeouts":null,"tracing_configuration":[],"type":"STANDARD","version_description":null},"sensitive_attributes":[],"private":"eyJlMmJmYjczMC1lY2FhLTExZTYtOGY4OC0zNDM2M2JjN2M0YzAiOnsiY3JlYXRlIjozMDAwMDAwMDAwMDAsImRlbGV0ZSI6MzAwMDAwMDAwMDAwLCJ1cGRhdGUiOjYwMDAwMDAwMDAwfX0=","dependencies":["aws_iam_role.remediation","aws_iam_role_policy.remediation","aws_kms_key.work","aws_s3_bucket.quarantine","aws_sqs_queue.replay","data.aws_iam_policy_document.states_assume_role"]}]},{"mode":"managed","type":"aws_sns_topic","name":"operator_alerts","provider":"provider[\"registry.opentofu.org/hashicorp/aws\"]","instances":[{"schema_version":0,"attributes":{"application_failure_feedback_role_arn":"","application_success_feedback_role_arn":"","application_success_feedback_sample_rate":0,"archive_policy":"","arn":"arn:aws:sns:us-east-1:000000000000:orders-work-operator-alerts","beginning_archive_time":"","content_based_deduplication":false,"delivery_policy":"","display_name":"","fifo_throughput_scope":"","fifo_topic":false,"firehose_failure_feedback_role_arn":"","firehose_success_feedback_role_arn":"","firehose_success_feedback_sample_rate":0,"http_failure_feedback_role_arn":"","http_success_feedback_role_arn":"","http_success_feedback_sample_rate":0,"id":"arn:aws:sns:us-east-1:000000000000:orders-work-operator-alerts","kms_master_key_id":"ebe74dc7-d5d0-4c84-9b33-29b87c5e4f68","lambda_failure_feedback_role_arn":"","lambda_success_feedback_role_arn":"","lambda_success_feedback_sample_rate":0,"name":"orders-work-operator-alerts","name_prefix":"","owner":"000000000000","policy":"{\"Id\":\"__default_policy_ID\",\"Statement\":[{\"Action\":[\"SNS:GetTopicAttributes\",\"SNS:SetTopicAttributes\",\"SNS:AddPermission\",\"SNS:RemovePermission\",\"SNS:DeleteTopic\",\"SNS:Subscribe\",\"SNS:ListSubscriptionsByTopic\",\"SNS:Publish\"],\"Condition\":{\"StringEquals\":{\"AWS:SourceAccount\":\"000000000000\"}},\"Effect\":\"Allow\",\"Principal\":{\"AWS\":\"*\"},\"Resource\":\"arn:aws:sns:us-east-1:000000000000:orders-work-operator-alerts\",\"Sid\":\"__default_statement_ID\"}],\"Version\":\"2012-10-17\"}","region":"us-east-1","signature_version":0,"sqs_failure_feedback_role_arn":"","sqs_success_feedback_role_arn":"","sqs_success_feedback_sample_rate":0,"tags":{"Application":"sqs-dlq-on-eks","Environment":"local","ManagedBy":"terraform-opentofu"},"tags_all":{"Application":"sqs-dlq-on-eks","Environment":"local","ManagedBy":"terraform-opentofu"},"tracing_config":""},"sensitive_attributes":[],"private":"bnVsbA==","dependencies":["aws_kms_key.work"],"identity":{"arn":"arn:aws:sns:us-east-1:000000000000:orders-work-operator-alerts"},"identity_schema_version":0}]},{"mode":"managed","type":"aws_sqs_queue","name":"dlq","provider":"provider[\"registry.opentofu.org/hashicorp/aws\"]","instances":[{"schema_version":0,"attributes":{"arn":"arn:aws:sqs:us-east-1:000000000000:orders-work-dlq.fifo","content_based_deduplication":true,"deduplication_scope":"","delay_seconds":0,"fifo_queue":true,"fifo_throughput_limit":"","id":"http://floci:4566/000000000000/orders-work-dlq.fifo","kms_data_key_reuse_period_seconds":300,"kms_master_key_id":"ebe74dc7-d5d0-4c84-9b33-29b87c5e4f68","max_message_size":262144,"message_retention_seconds":1209600,"name":"orders-work-dlq.fifo","name_prefix":"","policy":"","receive_wait_time_seconds":0,"redrive_allow_policy":"","redrive_policy":"","region":"us-east-1","sqs_managed_sse_enabled":false,"tags":{"Application":"sqs-dlq-on-eks","Environment":"local","ManagedBy":"terraform-opentofu","Name":"orders-work-dlq.fifo"},"tags_all":{"Application":"sqs-dlq-on-eks","Environment":"local","ManagedBy":"terraform-opentofu","Name":"orders-work-dlq.fifo"},"timeouts":null,"url":"http://floci:4566/000000000000/orders-work-dlq.fifo","visibility_timeout_seconds":30},"sensitive_attributes":[],"private":"eyJlMmJmYjczMC1lY2FhLTExZTYtOGY4OC0zNDM2M2JjN2M0YzAiOnsiY3JlYXRlIjoxODAwMDAwMDAwMDAsImRlbGV0ZSI6MTgwMDAwMDAwMDAwLCJ1cGRhdGUiOjE4MDAwMDAwMDAwMH19","dependencies":["aws_kms_key.work"],"identity":{"url":"http://floci:4566/000000000000/orders-work-dlq.fifo"},"identity_schema_version":1}]},{"mode":"managed","type":"aws_sqs_queue","name":"replay","provider":"provider[\"registry.opentofu.org/hashicorp/aws\"]","instances":[{"schema_version":0,"attributes":{"arn":"arn:aws:sqs:us-east-1:000000000000:orders-work-replay.fifo","content_based_deduplication":true,"deduplication_scope":"","delay_seconds":5,"fifo_queue":true,"fifo_throughput_limit":"","id":"http://floci:4566/000000000000/orders-work-replay.fifo","kms_data_key_reuse_period_seconds":300,"kms_master_key_id":"ebe74dc7-d5d0-4c84-9b33-29b87c5e4f68","max_message_size":262144,"message_retention_seconds":345600,"name":"orders-work-replay.fifo","name_prefix":"","policy":"","receive_wait_time_seconds":20,"redrive_allow_policy":"","redrive_policy":"","region":"us-east-1","sqs_managed_sse_enabled":false,"tags":{"Application":"sqs-dlq-on-eks","Environment":"local","ManagedBy":"terraform-opentofu","Name":"orders-work-replay.fifo"},"tags_all":{"Application":"sqs-dlq-on-eks","Environment":"local","ManagedBy":"terraform-opentofu","Name":"orders-work-replay.fifo"},"timeouts":null,"url":"http://floci:4566/000000000000/orders-work-replay.fifo","visibility_timeout_seconds":30},"sensitive_attributes":[],"private":"eyJlMmJmYjczMC1lY2FhLTExZTYtOGY4OC0zNDM2M2JjN2M0YzAiOnsiY3JlYXRlIjoxODAwMDAwMDAwMDAsImRlbGV0ZSI6MTgwMDAwMDAwMDAwLCJ1cGRhdGUiOjE4MDAwMDAwMDAwMH19","dependencies":["aws_kms_key.work"],"identity":{"url":"http://floci:4566/000000000000/orders-work-replay.fifo"},"identity_schema_version":1}]},{"mode":"managed","type":"aws_sqs_queue","name":"source","provider":"provider[\"registry.opentofu.org/hashicorp/aws\"]","instances":[{"schema_version":0,"attributes":{"arn":"arn:aws:sqs:us-east-1:000000000000:orders-work.fifo","content_based_deduplication":true,"deduplication_scope":"","delay_seconds":0,"fifo_queue":true,"fifo_throughput_limit":"","id":"http://floci:4566/000000000000/orders-work.fifo","kms_data_key_reuse_period_seconds":300,"kms_master_key_id":"ebe74dc7-d5d0-4c84-9b33-29b87c5e4f68","max_message_size":262144,"message_retention_seconds":345600,"name":"orders-work.fifo","name_prefix":"","policy":"","receive_wait_time_seconds":20,"redrive_allow_policy":"","redrive_policy":"","region":"us-east-1","sqs_managed_sse_enabled":false,"tags":{"Application":"sqs-dlq-on-eks","Environment":"local","ManagedBy":"terraform-opentofu","Name":"orders-work.fifo"},"tags_all":{"Application":"sqs-dlq-on-eks","Environment":"local","ManagedBy":"terraform-opentofu","Name":"orders-work.fifo"},"timeouts":null,"url":"http://floci:4566/000000000000/orders-work.fifo","visibility_timeout_seconds":180},"sensitive_attributes":[],"private":"eyJlMmJmYjczMC1lY2FhLTExZTYtOGY4OC0zNDM2M2JjN2M0YzAiOnsiY3JlYXRlIjoxODAwMDAwMDAwMDAsImRlbGV0ZSI6MTgwMDAwMDAwMDAwLCJ1cGRhdGUiOjE4MDAwMDAwMDAwMH19","dependencies":["aws_kms_key.work"],"identity":{"url":"http://floci:4566/000000000000/orders-work.fifo"},"identity_schema_version":1}]},{"mode":"managed","type":"aws_sqs_queue_policy","name":"source","provider":"provider[\"registry.opentofu.org/hashicorp/aws\"]","instances":[{"schema_version":1,"attributes":{"id":"http://floci:4566/000000000000/orders-work.fifo","policy":"{\"Statement\":[{\"Action\":\"sqs:SendMessage\",\"Effect\":\"Allow\",\"Principal\":{\"Service\":\"events.amazonaws.com\"},\"Resource\":\"arn:aws:sqs:us-east-1:000000000000:orders-work.fifo\",\"Sid\":\"AllowEventBridgeToSendOrders\"}],\"Version\":\"2012-10-17\"}","queue_url":"http://floci:4566/000000000000/orders-work.fifo","region":"us-east-1"},"sensitive_attributes":[],"private":"eyJzY2hlbWFfdmVyc2lvbiI6IjEifQ==","dependencies":["aws_kms_key.work","aws_sqs_queue.source","data.aws_iam_policy_document.source_queue"],"identity":{"queue_url":"http://floci:4566/000000000000/orders-work.fifo"},"identity_schema_version":1}]},{"mode":"managed","type":"aws_sqs_queue_redrive_allow_policy","name":"dlq","provider":"provider[\"registry.opentofu.org/hashicorp/aws\"]","instances":[{"schema_version":0,"attributes":{"id":"http://floci:4566/000000000000/orders-work-dlq.fifo","queue_url":"http://floci:4566/000000000000/orders-work-dlq.fifo","redrive_allow_policy":"{\"redrivePermission\":\"byQueue\",\"sourceQueueArns\":[\"arn:aws:sqs:us-east-1:000000000000:orders-work.fifo\"]}","region":"us-east-1"},"sensitive_attributes":[],"private":"bnVsbA==","dependencies":["aws_kms_key.work","aws_sqs_queue.dlq","aws_sqs_queue.source"],"identity":{"queue_url":"http://floci:4566/000000000000/orders-work-dlq.fifo"},"identity_schema_version":1}]},{"mode":"managed","type":"aws_sqs_queue_redrive_policy","name":"source","provider":"provider[\"registry.opentofu.org/hashicorp/aws\"]","instances":[{"schema_version":0,"attributes":{"id":"http://floci:4566/000000000000/orders-work.fifo","queue_url":"http://floci:4566/000000000000/orders-work.fifo","redrive_policy":"{\"deadLetterTargetArn\":\"arn:aws:sqs:us-east-1:000000000000:orders-work-dlq.fifo\",\"maxReceiveCount\":5}","region":"us-east-1"},"sensitive_attributes":[],"private":"bnVsbA==","dependencies":["aws_kms_key.work","aws_sqs_queue.dlq","aws_sqs_queue.source"],"identity":{"queue_url":"http://floci:4566/000000000000/orders-work.fifo"},"identity_schema_version":1}]},{"mode":"managed","type":"aws_subnet","name":"private_a","provider":"provider[\"registry.opentofu.org/hashicorp/aws\"]","instances":[{"schema_version":1,"attributes":{"arn":"arn:aws:ec2:us-east-1:000000000000:subnet/subnet-0e575a74","assign_ipv6_address_on_creation":false,"availability_zone":"us-east-1a","availability_zone_id":"us-east-1-az1","cidr_block":"10.42.1.0/24","customer_owned_ipv4_pool":"","enable_dns64":false,"enable_lni_at_device_index":0,"enable_resource_name_dns_a_record_on_launch":false,"enable_resource_name_dns_aaaa_record_on_launch":false,"id":"subnet-0e575a74","ipv4_ipam_pool_id":null,"ipv4_netmask_length":null,"ipv6_cidr_block":"","ipv6_cidr_block_association_id":"","ipv6_ipam_pool_id":null,"ipv6_native":false,"ipv6_netmask_length":null,"map_customer_owned_ip_on_launch":false,"map_public_ip_on_launch":false,"outpost_arn":"","owner_id":"000000000000","private_dns_hostname_type_on_launch":"","region":"us-east-1","tags":{},"tags_all":{},"timeouts":null,"vpc_id":"vpc-e6abe36b"},"sensitive_attributes":[],"private":"eyJlMmJmYjczMC1lY2FhLTExZTYtOGY4OC0zNDM2M2JjN2M0YzAiOnsiY3JlYXRlIjo2MDAwMDAwMDAwMDAsImRlbGV0ZSI6MTIwMDAwMDAwMDAwMH0sInNjaGVtYV92ZXJzaW9uIjoiMSJ9","dependencies":["aws_vpc.private"],"identity":{"account_id":"","id":"subnet-0e575a74","region":"us-east-1"},"identity_schema_version":0}]},{"mode":"managed","type":"aws_subnet","name":"private_b","provider":"provider[\"registry.opentofu.org/hashicorp/aws\"]","instances":[{"schema_version":1,"attributes":{"arn":"arn:aws:ec2:us-east-1:000000000000:subnet/subnet-e8d45278","assign_ipv6_address_on_creation":false,"availability_zone":"us-east-1b","availability_zone_id":"us-east-1-az1","cidr_block":"10.42.2.0/24","customer_owned_ipv4_pool":"","enable_dns64":false,"enable_lni_at_device_index":0,"enable_resource_name_dns_a_record_on_launch":false,"enable_resource_name_dns_aaaa_record_on_launch":false,"id":"subnet-e8d45278","ipv4_ipam_pool_id":null,"ipv4_netmask_length":null,"ipv6_cidr_block":"","ipv6_cidr_block_association_id":"","ipv6_ipam_pool_id":null,"ipv6_native":false,"ipv6_netmask_length":null,"map_customer_owned_ip_on_launch":false,"map_public_ip_on_launch":false,"outpost_arn":"","owner_id":"000000000000","private_dns_hostname_type_on_launch":"","region":"us-east-1","tags":{},"tags_all":{},"timeouts":null,"vpc_id":"vpc-e6abe36b"},"sensitive_attributes":[],"private":"eyJlMmJmYjczMC1lY2FhLTExZTYtOGY4OC0zNDM2M2JjN2M0YzAiOnsiY3JlYXRlIjo2MDAwMDAwMDAwMDAsImRlbGV0ZSI6MTIwMDAwMDAwMDAwMH0sInNjaGVtYV92ZXJzaW9uIjoiMSJ9","dependencies":["aws_vpc.private"],"identity":{"account_id":"","id":"subnet-e8d45278","region":"us-east-1"},"identity_schema_version":0}]},{"mode":"managed","type":"aws_vpc","name":"private","provider":"provider[\"registry.opentofu.org/hashicorp/aws\"]","instances":[{"schema_version":1,"attributes":{"arn":"arn:aws:ec2:us-east-1:000000000000:vpc/vpc-e6abe36b","assign_generated_ipv6_cidr_block":false,"cidr_block":"10.42.0.0/16","default_network_acl_id":null,"default_route_table_id":"","default_security_group_id":"","dhcp_options_id":"dopt-default","enable_dns_hostnames":true,"enable_dns_support":true,"enable_network_address_usage_metrics":false,"id":"vpc-e6abe36b","instance_tenancy":"default","ipv4_ipam_pool_id":null,"ipv4_netmask_length":null,"ipv6_association_id":"","ipv6_cidr_block":"","ipv6_cidr_block_network_border_group":"","ipv6_ipam_pool_id":"","ipv6_netmask_length":0,"main_route_table_id":"","owner_id":"000000000000","region":"us-east-1","tags":{"Application":"sqs-dlq-on-eks","Environment":"local","ManagedBy":"terraform-opentofu","Name":"orders-work-vpc"},"tags_all":{"Application":"sqs-dlq-on-eks","Environment":"local","ManagedBy":"terraform-opentofu","Name":"orders-work-vpc"}},"sensitive_attributes":[],"private":"eyJzY2hlbWFfdmVyc2lvbiI6IjEifQ==","identity":{"account_id":"","id":"vpc-e6abe36b","region":"us-east-1"},"identity_schema_version":0}]}],"check_results":null}
